PODS:
  - CCUIModel (0.1.5):
    - CircleReferenceCheck
  - CircleReferenceCheck (0.0.1)

DEPENDENCIES:
  - CCUIModel (from `../`)

SPEC REPOS:
  trunk:
    - CircleReferenceCheck

EXTERNAL SOURCES:
  CCUIModel:
    :path: "../"

SPEC CHECKSUMS:
  CCUIModel: 4c805385d85ca7b1542d4c0f689e14acc50b282e
  CircleReferenceCheck: 5ef0dbaff301108a523f845bf81dfa9a12a83024

PODFILE CHECKSUM: 2f760555e03d5bdfd6e4276ff7b7f49509d62555

COCOAPODS: 1.10.1
